{
  "name": "teste",
  "lockfileVersion": 3,
  "requires": true,
  "packages": {
    "": {
      "dependencies": {
        "ri4": "file:../../RI4"
      }
    },
    "../../RI4": {
      "name": "ri4",
      "version": "1.0.0",
      "license": "ISC"
    },
    "../RI4": {
      "name": "ri4",
      "version": "1.0.0",
      "extraneous": true,
      "license": "ISC"
    },
    "node_modules/ri4": {
      "resolved": "../../RI4",
      "link": true
    }
  }
}
